
Microsoft Visual Studio Solution File, Format Version 12.00
# Visual Studio Version 17
VisualStudioVersion = 17.0.31903.59
MinimumVisualStudioVersion = 10.0.40219.1
Project("{2150E333-8FDC-42A3-9474-1A3956D46DE8}") = "src", "src", "{5E2E4AA7-C220-4C4F-B8C9-8804C3EAB15A}"
EndProject
Project("{FAE04EC0-301F-11D3-BF4B-00C04F79EFBC}") = "Yukti.Domain", "src\Yukti.Domain\Yukti.Domain.csproj", "{E2775E74-1ABC-4F9B-B5AE-F203E026BBDC}"
EndProject
Project("{FAE04EC0-301F-11D3-BF4B-00C04F79EFBC}") = "Yukti.Contracts", "src\Yukti.Contracts\Yukti.Contracts.csproj", "{CF334C25-13A6-4C5B-BE97-5F410A77D69E}"
EndProject
Project("{FAE04EC0-301F-11D3-BF4B-00C04F79EFBC}") = "Yukti.Application", "src\Yukti.Application\Yukti.Application.csproj", "{776B6EDB-9D3F-4BCA-920B-B2C5AE2119F5}"
EndProject
Project("{FAE04EC0-301F-11D3-BF4B-00C04F79EFBC}") = "Yukti.Orchestration", "src\Yukti.Orchestration\Yukti.Orchestration.csproj", "{A50C2B2F-ED27-4B81-86AE-7779249161BA}"
EndProject
Project("{FAE04EC0-301F-11D3-BF4B-00C04F79EFBC}") = "Yukti.Infrastructure.InMemory", "src\Yukti.Infrastructure.InMemory\Yukti.Infrastructure.InMemory.csproj", "{3B5060FF-60EB-45BC-923D-9B311C8AA0EB}"
EndProject
Project("{FAE04EC0-301F-11D3-BF4B-00C04F79EFBC}") = "Yukti.Host", "src\Yukti.Host\Yukti.Host.csproj", "{108B0394-1D9A-483D-9E13-F403CFFF1BF3}"
EndProject
Project("{FAE04EC0-301F-11D3-BF4B-00C04F79EFBC}") = "Yukti.Api", "src\Yukti.Api\Yukti.Api.csproj", "{430242D4-D455-4681-96EC-5705D6244ADE}"
EndProject
Project("{FAE04EC0-301F-11D3-BF4B-00C04F79EFBC}") = "Yukti.Infrastructure", "src\Yukti.Infrastructure\Yukti.Infrastructure.csproj", "{3562B353-E69F-4312-B1D6-124A0F10BF58}"
EndProject
Project("{FAE04EC0-301F-11D3-BF4B-00C04F79EFBC}") = "Yukti.Analyzers", "src\Yukti.Analyzers\Yukti.Analyzers.csproj", "{48513C31-368D-4C98-BE8F-EEF0D6168C0C}"
EndProject
Project("{2150E333-8FDC-42A3-9474-1A3956D46DE8}") = "tests", "tests", "{0AB3BF05-4346-4AA6-1389-037BE0695223}"
EndProject
Project("{FAE04EC0-301F-11D3-BF4B-00C04F79EFBC}") = "Yukti.Analyzers.Tests", "tests\Yukti.Analyzers.Tests\Yukti.Analyzers.Tests.csproj", "{490BFC99-9EC0-46A9-8BFF-49DF25F664D4}"
EndProject
Project("{FAE04EC0-301F-11D3-BF4B-00C04F79EFBC}") = "Yukti.Orchestration.Tests", "tests\Yukti.Orchestration.Tests\Yukti.Orchestration.Tests.csproj", "{A4449EDE-DE41-4C6D-86E6-1D0CC6C4E729}"
EndProject
Project("{FAE04EC0-301F-11D3-BF4B-00C04F79EFBC}") = "Yukti.Infrastructure.Tests", "tests\Yukti.Infrastructure.Tests\Yukti.Infrastructure.Tests.csproj", "{79E3E5A1-FC41-497A-B24C-9178DB539500}"
EndProject
Project("{FAE04EC0-301F-11D3-BF4B-00C04F79EFBC}") = "Yukti.Worker", "src\Yukti.Worker\Yukti.Worker.csproj", "{13C2C93F-FD22-451E-9526-6E5262246AF8}"
EndProject
Project("{2150E333-8FDC-42A3-9474-1A3956D46DE8}") = "tools", "tools", "{07C2787E-EAC7-C090-1BA3-A61EC2A24D84}"
EndProject
Project("{FAE04EC0-301F-11D3-BF4B-00C04F79EFBC}") = "Yukti.LoadTest", "tools\Yukti.LoadTest\Yukti.LoadTest.csproj", "{3B175407-96F3-4E8F-8173-2138190953DA}"
EndProject
Global
	GlobalSection(SolutionConfigurationPlatforms) = preSolution
		Debug|Any CPU = Debug|Any CPU
		Debug|x64 = Debug|x64
		Debug|x86 = Debug|x86
		Release|Any CPU = Release|Any CPU
		Release|x64 = Release|x64
		Release|x86 = Release|x86
	EndGlobalSection
	GlobalSection(ProjectConfigurationPlatforms) = postSolution
		{E2775E74-1ABC-4F9B-B5AE-F203E026BBDC}.Debug|Any CPU.ActiveCfg = Debug|Any CPU
		{E2775E74-1ABC-4F9B-B5AE-F203E026BBDC}.Debug|Any CPU.Build.0 = Debug|Any CPU
		{E2775E74-1ABC-4F9B-B5AE-F203E026BBDC}.Debug|x64.ActiveCfg = Debug|Any CPU
		{E2775E74-1ABC-4F9B-B5AE-F203E026BBDC}.Debug|x64.Build.0 = Debug|Any CPU
		{E2775E74-1ABC-4F9B-B5AE-F203E026BBDC}.Debug|x86.ActiveCfg = Debug|Any CPU
		{E2775E74-1ABC-4F9B-B5AE-F203E026BBDC}.Debug|x86.Build.0 = Debug|Any CPU
		{E2775E74-1ABC-4F9B-B5AE-F203E026BBDC}.Release|Any CPU.ActiveCfg = Release|Any CPU
		{E2775E74-1ABC-4F9B-B5AE-F203E026BBDC}.Release|Any CPU.Build.0 = Release|Any CPU
		{E2775E74-1ABC-4F9B-B5AE-F203E026BBDC}.Release|x64.ActiveCfg = Release|Any CPU
		{E2775E74-1ABC-4F9B-B5AE-F203E026BBDC}.Release|x64.Build.0 = Release|Any CPU
		{E2775E74-1ABC-4F9B-B5AE-F203E026BBDC}.Release|x86.ActiveCfg = Release|Any CPU
		{E2775E74-1ABC-4F9B-B5AE-F203E026BBDC}.Release|x86.Build.0 = Release|Any CPU
		{CF334C25-13A6-4C5B-BE97-5F410A77D69E}.Debug|Any CPU.ActiveCfg = Debug|Any CPU
		{CF334C25-13A6-4C5B-BE97-5F410A77D69E}.Debug|Any CPU.Build.0 = Debug|Any CPU
		{CF334C25-13A6-4C5B-BE97-5F410A77D69E}.Debug|x64.ActiveCfg = Debug|Any CPU
		{CF334C25-13A6-4C5B-BE97-5F410A77D69E}.Debug|x64.Build.0 = Debug|Any CPU
		{CF334C25-13A6-4C5B-BE97-5F410A77D69E}.Debug|x86.ActiveCfg = Debug|Any CPU
		{CF334C25-13A6-4C5B-BE97-5F410A77D69E}.Debug|x86.Build.0 = Debug|Any CPU
		{CF334C25-13A6-4C5B-BE97-5F410A77D69E}.Release|Any CPU.ActiveCfg = Release|Any CPU
		{CF334C25-13A6-4C5B-BE97-5F410A77D69E}.Release|Any CPU.Build.0 = Release|Any CPU
		{CF334C25-13A6-4C5B-BE97-5F410A77D69E}.Release|x64.ActiveCfg = Release|Any CPU
		{CF334C25-13A6-4C5B-BE97-5F410A77D69E}.Release|x64.Build.0 = Release|Any CPU
		{CF334C25-13A6-4C5B-BE97-5F410A77D69E}.Release|x86.ActiveCfg = Release|Any CPU
		{CF334C25-13A6-4C5B-BE97-5F410A77D69E}.Release|x86.Build.0 = Release|Any CPU
		{776B6EDB-9D3F-4BCA-920B-B2C5AE2119F5}.Debug|Any CPU.ActiveCfg = Debug|Any CPU
		{776B6EDB-9D3F-4BCA-920B-B2C5AE2119F5}.Debug|Any CPU.Build.0 = Debug|Any CPU
		{776B6EDB-9D3F-4BCA-920B-B2C5AE2119F5}.Debug|x64.ActiveCfg = Debug|Any CPU
		{776B6EDB-9D3F-4BCA-920B-B2C5AE2119F5}.Debug|x64.Build.0 = Debug|Any CPU
		{776B6EDB-9D3F-4BCA-920B-B2C5AE2119F5}.Debug|x86.ActiveCfg = Debug|Any CPU
		{776B6EDB-9D3F-4BCA-920B-B2C5AE2119F5}.Debug|x86.Build.0 = Debug|Any CPU
		{776B6EDB-9D3F-4BCA-920B-B2C5AE2119F5}.Release|Any CPU.ActiveCfg = Release|Any CPU
		{776B6EDB-9D3F-4BCA-920B-B2C5AE2119F5}.Release|Any CPU.Build.0 = Release|Any CPU
		{776B6EDB-9D3F-4BCA-920B-B2C5AE2119F5}.Release|x64.ActiveCfg = Release|Any CPU
		{776B6EDB-9D3F-4BCA-920B-B2C5AE2119F5}.Release|x64.Build.0 = Release|Any CPU
		{776B6EDB-9D3F-4BCA-920B-B2C5AE2119F5}.Release|x86.ActiveCfg = Release|Any CPU
		{776B6EDB-9D3F-4BCA-920B-B2C5AE2119F5}.Release|x86.Build.0 = Release|Any CPU
		{A50C2B2F-ED27-4B81-86AE-7779249161BA}.Debug|Any CPU.ActiveCfg = Debug|Any CPU
		{A50C2B2F-ED27-4B81-86AE-7779249161BA}.Debug|Any CPU.Build.0 = Debug|Any CPU
		{A50C2B2F-ED27-4B81-86AE-7779249161BA}.Debug|x64.ActiveCfg = Debug|Any CPU
		{A50C2B2F-ED27-4B81-86AE-7779249161BA}.Debug|x64.Build.0 = Debug|Any CPU
		{A50C2B2F-ED27-4B81-86AE-7779249161BA}.Debug|x86.ActiveCfg = Debug|Any CPU
		{A50C2B2F-ED27-4B81-86AE-7779249161BA}.Debug|x86.Build.0 = Debug|Any CPU
		{A50C2B2F-ED27-4B81-86AE-7779249161BA}.Release|Any CPU.ActiveCfg = Release|Any CPU
		{A50C2B2F-ED27-4B81-86AE-7779249161BA}.Release|Any CPU.Build.0 = Release|Any CPU
		{A50C2B2F-ED27-4B81-86AE-7779249161BA}.Release|x64.ActiveCfg = Release|Any CPU
		{A50C2B2F-ED27-4B81-86AE-7779249161BA}.Release|x64.Build.0 = Release|Any CPU
		{A50C2B2F-ED27-4B81-86AE-7779249161BA}.Release|x86.ActiveCfg = Release|Any CPU
		{A50C2B2F-ED27-4B81-86AE-7779249161BA}.Release|x86.Build.0 = Release|Any CPU
		{3B5060FF-60EB-45BC-923D-9B311C8AA0EB}.Debug|Any CPU.ActiveCfg = Debug|Any CPU
		{3B5060FF-60EB-45BC-923D-9B311C8AA0EB}.Debug|Any CPU.Build.0 = Debug|Any CPU
		{3B5060FF-60EB-45BC-923D-9B311C8AA0EB}.Debug|x64.ActiveCfg = Debug|Any CPU
		{3B5060FF-60EB-45BC-923D-9B311C8AA0EB}.Debug|x64.Build.0 = Debug|Any CPU
		{3B5060FF-60EB-45BC-923D-9B311C8AA0EB}.Debug|x86.ActiveCfg = Debug|Any CPU
		{3B5060FF-60EB-45BC-923D-9B311C8AA0EB}.Debug|x86.Build.0 = Debug|Any CPU
		{3B5060FF-60EB-45BC-923D-9B311C8AA0EB}.Release|Any CPU.ActiveCfg = Release|Any CPU
		{3B5060FF-60EB-45BC-923D-9B311C8AA0EB}.Release|Any CPU.Build.0 = Release|Any CPU
		{3B5060FF-60EB-45BC-923D-9B311C8AA0EB}.Release|x64.ActiveCfg = Release|Any CPU
		{3B5060FF-60EB-45BC-923D-9B311C8AA0EB}.Release|x64.Build.0 = Release|Any CPU
		{3B5060FF-60EB-45BC-923D-9B311C8AA0EB}.Release|x86.ActiveCfg = Release|Any CPU
		{3B5060FF-60EB-45BC-923D-9B311C8AA0EB}.Release|x86.Build.0 = Release|Any CPU
		{108B0394-1D9A-483D-9E13-F403CFFF1BF3}.Debug|Any CPU.ActiveCfg = Debug|Any CPU
		{108B0394-1D9A-483D-9E13-F403CFFF1BF3}.Debug|Any CPU.Build.0 = Debug|Any CPU
		{108B0394-1D9A-483D-9E13-F403CFFF1BF3}.Debug|x64.ActiveCfg = Debug|Any CPU
		{108B0394-1D9A-483D-9E13-F403CFFF1BF3}.Debug|x64.Build.0 = Debug|Any CPU
		{108B0394-1D9A-483D-9E13-F403CFFF1BF3}.Debug|x86.ActiveCfg = Debug|Any CPU
		{108B0394-1D9A-483D-9E13-F403CFFF1BF3}.Debug|x86.Build.0 = Debug|Any CPU
		{108B0394-1D9A-483D-9E13-F403CFFF1BF3}.Release|Any CPU.ActiveCfg = Release|Any CPU
		{108B0394-1D9A-483D-9E13-F403CFFF1BF3}.Release|Any CPU.Build.0 = Release|Any CPU
		{108B0394-1D9A-483D-9E13-F403CFFF1BF3}.Release|x64.ActiveCfg = Release|Any CPU
		{108B0394-1D9A-483D-9E13-F403CFFF1BF3}.Release|x64.Build.0 = Release|Any CPU
		{108B0394-1D9A-483D-9E13-F403CFFF1BF3}.Release|x86.ActiveCfg = Release|Any CPU
		{108B0394-1D9A-483D-9E13-F403CFFF1BF3}.Release|x86.Build.0 = Release|Any CPU
		{430242D4-D455-4681-96EC-5705D6244ADE}.Debug|Any CPU.ActiveCfg = Debug|Any CPU
		{430242D4-D455-4681-96EC-5705D6244ADE}.Debug|Any CPU.Build.0 = Debug|Any CPU
		{430242D4-D455-4681-96EC-5705D6244ADE}.Debug|x64.ActiveCfg = Debug|Any CPU
		{430242D4-D455-4681-96EC-5705D6244ADE}.Debug|x64.Build.0 = Debug|Any CPU
		{430242D4-D455-4681-96EC-5705D6244ADE}.Debug|x86.ActiveCfg = Debug|Any CPU
		{430242D4-D455-4681-96EC-5705D6244ADE}.Debug|x86.Build.0 = Debug|Any CPU
		{430242D4-D455-4681-96EC-5705D6244ADE}.Release|Any CPU.ActiveCfg = Release|Any CPU
		{430242D4-D455-4681-96EC-5705D6244ADE}.Release|Any CPU.Build.0 = Release|Any CPU
		{430242D4-D455-4681-96EC-5705D6244ADE}.Release|x64.ActiveCfg = Release|Any CPU
		{430242D4-D455-4681-96EC-5705D6244ADE}.Release|x64.Build.0 = Release|Any CPU
		{430242D4-D455-4681-96EC-5705D6244ADE}.Release|x86.ActiveCfg = Release|Any CPU
		{430242D4-D455-4681-96EC-5705D6244ADE}.Release|x86.Build.0 = Release|Any CPU
		{3562B353-E69F-4312-B1D6-124A0F10BF58}.Debug|Any CPU.ActiveCfg = Debug|Any CPU
		{3562B353-E69F-4312-B1D6-124A0F10BF58}.Debug|Any CPU.Build.0 = Debug|Any CPU
		{3562B353-E69F-4312-B1D6-124A0F10BF58}.Debug|x64.ActiveCfg = Debug|Any CPU
		{3562B353-E69F-4312-B1D6-124A0F10BF58}.Debug|x64.Build.0 = Debug|Any CPU
		{3562B353-E69F-4312-B1D6-124A0F10BF58}.Debug|x86.ActiveCfg = Debug|Any CPU
		{3562B353-E69F-4312-B1D6-124A0F10BF58}.Debug|x86.Build.0 = Debug|Any CPU
		{3562B353-E69F-4312-B1D6-124A0F10BF58}.Release|Any CPU.ActiveCfg = Release|Any CPU
		{3562B353-E69F-4312-B1D6-124A0F10BF58}.Release|Any CPU.Build.0 = Release|Any CPU
		{3562B353-E69F-4312-B1D6-124A0F10BF58}.Release|x64.ActiveCfg = Release|Any CPU
		{3562B353-E69F-4312-B1D6-124A0F10BF58}.Release|x64.Build.0 = Release|Any CPU
		{3562B353-E69F-4312-B1D6-124A0F10BF58}.Release|x86.ActiveCfg = Release|Any CPU
		{3562B353-E69F-4312-B1D6-124A0F10BF58}.Release|x86.Build.0 = Release|Any CPU
		{48513C31-368D-4C98-BE8F-EEF0D6168C0C}.Debug|Any CPU.ActiveCfg = Debug|Any CPU
		{48513C31-368D-4C98-BE8F-EEF0D6168C0C}.Debug|Any CPU.Build.0 = Debug|Any CPU
		{48513C31-368D-4C98-BE8F-EEF0D6168C0C}.Debug|x64.ActiveCfg = Debug|Any CPU
		{48513C31-368D-4C98-BE8F-EEF0D6168C0C}.Debug|x64.Build.0 = Debug|Any CPU
		{48513C31-368D-4C98-BE8F-EEF0D6168C0C}.Debug|x86.ActiveCfg = Debug|Any CPU
		{48513C31-368D-4C98-BE8F-EEF0D6168C0C}.Debug|x86.Build.0 = Debug|Any CPU
		{48513C31-368D-4C98-BE8F-EEF0D6168C0C}.Release|Any CPU.ActiveCfg = Release|Any CPU
		{48513C31-368D-4C98-BE8F-EEF0D6168C0C}.Release|Any CPU.Build.0 = Release|Any CPU
		{48513C31-368D-4C98-BE8F-EEF0D6168C0C}.Release|x64.ActiveCfg = Release|Any CPU
		{48513C31-368D-4C98-BE8F-EEF0D6168C0C}.Release|x64.Build.0 = Release|Any CPU
		{48513C31-368D-4C98-BE8F-EEF0D6168C0C}.Release|x86.ActiveCfg = Release|Any CPU
		{48513C31-368D-4C98-BE8F-EEF0D6168C0C}.Release|x86.Build.0 = Release|Any CPU
		{490BFC99-9EC0-46A9-8BFF-49DF25F664D4}.Debug|Any CPU.ActiveCfg = Debug|Any CPU
		{490BFC99-9EC0-46A9-8BFF-49DF25F664D4}.Debug|Any CPU.Build.0 = Debug|Any CPU
		{490BFC99-9EC0-46A9-8BFF-49DF25F664D4}.Debug|x64.ActiveCfg = Debug|Any CPU
		{490BFC99-9EC0-46A9-8BFF-49DF25F664D4}.Debug|x64.Build.0 = Debug|Any CPU
		{490BFC99-9EC0-46A9-8BFF-49DF25F664D4}.Debug|x86.ActiveCfg = Debug|Any CPU
		{490BFC99-9EC0-46A9-8BFF-49DF25F664D4}.Debug|x86.Build.0 = Debug|Any CPU
		{490BFC99-9EC0-46A9-8BFF-49DF25F664D4}.Release|Any CPU.ActiveCfg = Release|Any CPU
		{490BFC99-9EC0-46A9-8BFF-49DF25F664D4}.Release|Any CPU.Build.0 = Release|Any CPU
		{490BFC99-9EC0-46A9-8BFF-49DF25F664D4}.Release|x64.ActiveCfg = Release|Any CPU
		{490BFC99-9EC0-46A9-8BFF-49DF25F664D4}.Release|x64.Build.0 = Release|Any CPU
		{490BFC99-9EC0-46A9-8BFF-49DF25F664D4}.Release|x86.ActiveCfg = Release|Any CPU
		{490BFC99-9EC0-46A9-8BFF-49DF25F664D4}.Release|x86.Build.0 = Release|Any CPU
		{A4449EDE-DE41-4C6D-86E6-1D0CC6C4E729}.Debug|Any CPU.ActiveCfg = Debug|Any CPU
		{A4449EDE-DE41-4C6D-86E6-1D0CC6C4E729}.Debug|Any CPU.Build.0 = Debug|Any CPU
		{A4449EDE-DE41-4C6D-86E6-1D0CC6C4E729}.Debug|x64.ActiveCfg = Debug|Any CPU
		{A4449EDE-DE41-4C6D-86E6-1D0CC6C4E729}.Debug|x64.Build.0 = Debug|Any CPU
		{A4449EDE-DE41-4C6D-86E6-1D0CC6C4E729}.Debug|x86.ActiveCfg = Debug|Any CPU
		{A4449EDE-DE41-4C6D-86E6-1D0CC6C4E729}.Debug|x86.Build.0 = Debug|Any CPU
		{A4449EDE-DE41-4C6D-86E6-1D0CC6C4E729}.Release|Any CPU.ActiveCfg = Release|Any CPU
		{A4449EDE-DE41-4C6D-86E6-1D0CC6C4E729}.Release|Any CPU.Build.0 = Release|Any CPU
		{A4449EDE-DE41-4C6D-86E6-1D0CC6C4E729}.Release|x64.ActiveCfg = Release|Any CPU
		{A4449EDE-DE41-4C6D-86E6-1D0CC6C4E729}.Release|x64.Build.0 = Release|Any CPU
		{A4449EDE-DE41-4C6D-86E6-1D0CC6C4E729}.Release|x86.ActiveCfg = Release|Any CPU
		{A4449EDE-DE41-4C6D-86E6-1D0CC6C4E729}.Release|x86.Build.0 = Release|Any CPU
		{79E3E5A1-FC41-497A-B24C-9178DB539500}.Debug|Any CPU.ActiveCfg = Debug|Any CPU
		{79E3E5A1-FC41-497A-B24C-9178DB539500}.Debug|Any CPU.Build.0 = Debug|Any CPU
		{79E3E5A1-FC41-497A-B24C-9178DB539500}.Debug|x64.ActiveCfg = Debug|Any CPU
		{79E3E5A1-FC41-497A-B24C-9178DB539500}.Debug|x64.Build.0 = Debug|Any CPU
		{79E3E5A1-FC41-497A-B24C-9178DB539500}.Debug|x86.ActiveCfg = Debug|Any CPU
		{79E3E5A1-FC41-497A-B24C-9178DB539500}.Debug|x86.Build.0 = Debug|Any CPU
		{79E3E5A1-FC41-497A-B24C-9178DB539500}.Release|Any CPU.ActiveCfg = Release|Any CPU
		{79E3E5A1-FC41-497A-B24C-9178DB539500}.Release|Any CPU.Build.0 = Release|Any CPU
		{79E3E5A1-FC41-497A-B24C-9178DB539500}.Release|x64.ActiveCfg = Release|Any CPU
		{79E3E5A1-FC41-497A-B24C-9178DB539500}.Release|x64.Build.0 = Release|Any CPU
		{79E3E5A1-FC41-497A-B24C-9178DB539500}.Release|x86.ActiveCfg = Release|Any CPU
		{79E3E5A1-FC41-497A-B24C-9178DB539500}.Release|x86.Build.0 = Release|Any CPU
		{13C2C93F-FD22-451E-9526-6E5262246AF8}.Debug|Any CPU.ActiveCfg = Debug|Any CPU
		{13C2C93F-FD22-451E-9526-6E5262246AF8}.Debug|Any CPU.Build.0 = Debug|Any CPU
		{13C2C93F-FD22-451E-9526-6E5262246AF8}.Debug|x64.ActiveCfg = Debug|Any CPU
		{13C2C93F-FD22-451E-9526-6E5262246AF8}.Debug|x64.Build.0 = Debug|Any CPU
		{13C2C93F-FD22-451E-9526-6E5262246AF8}.Debug|x86.ActiveCfg = Debug|Any CPU
		{13C2C93F-FD22-451E-9526-6E5262246AF8}.Debug|x86.Build.0 = Debug|Any CPU
		{13C2C93F-FD22-451E-9526-6E5262246AF8}.Release|Any CPU.ActiveCfg = Release|Any CPU
		{13C2C93F-FD22-451E-9526-6E5262246AF8}.Release|Any CPU.Build.0 = Release|Any CPU
		{13C2C93F-FD22-451E-9526-6E5262246AF8}.Release|x64.ActiveCfg = Release|Any CPU
		{13C2C93F-FD22-451E-9526-6E5262246AF8}.Release|x64.Build.0 = Release|Any CPU
		{13C2C93F-FD22-451E-9526-6E5262246AF8}.Release|x86.ActiveCfg = Release|Any CPU
		{13C2C93F-FD22-451E-9526-6E5262246AF8}.Release|x86.Build.0 = Release|Any CPU
		{3B175407-96F3-4E8F-8173-2138190953DA}.Debug|Any CPU.ActiveCfg = Debug|Any CPU
		{3B175407-96F3-4E8F-8173-2138190953DA}.Debug|Any CPU.Build.0 = Debug|Any CPU
		{3B175407-96F3-4E8F-8173-2138190953DA}.Debug|x64.ActiveCfg = Debug|Any CPU
		{3B175407-96F3-4E8F-8173-2138190953DA}.Debug|x64.Build.0 = Debug|Any CPU
		{3B175407-96F3-4E8F-8173-2138190953DA}.Debug|x86.ActiveCfg = Debug|Any CPU
		{3B175407-96F3-4E8F-8173-2138190953DA}.Debug|x86.Build.0 = Debug|Any CPU
		{3B175407-96F3-4E8F-8173-2138190953DA}.Release|Any CPU.ActiveCfg = Release|Any CPU
		{3B175407-96F3-4E8F-8173-2138190953DA}.Release|Any CPU.Build.0 = Release|Any CPU
		{3B175407-96F3-4E8F-8173-2138190953DA}.Release|x64.ActiveCfg = Release|Any CPU
		{3B175407-96F3-4E8F-8173-2138190953DA}.Release|x64.Build.0 = Release|Any CPU
		{3B175407-96F3-4E8F-8173-2138190953DA}.Release|x86.ActiveCfg = Release|Any CPU
		{3B175407-96F3-4E8F-8173-2138190953DA}.Release|x86.Build.0 = Release|Any CPU
	EndGlobalSection
	GlobalSection(SolutionProperties) = preSolution
		HideSolutionNode = FALSE
	EndGlobalSection
	GlobalSection(NestedProjects) = preSolution
		{E2775E74-1ABC-4F9B-B5AE-F203E026BBDC} = {5E2E4AA7-C220-4C4F-B8C9-8804C3EAB15A}
		{CF334C25-13A6-4C5B-BE97-5F410A77D69E} = {5E2E4AA7-C220-4C4F-B8C9-8804C3EAB15A}
		{776B6EDB-9D3F-4BCA-920B-B2C5AE2119F5} = {5E2E4AA7-C220-4C4F-B8C9-8804C3EAB15A}
		{A50C2B2F-ED27-4B81-86AE-7779249161BA} = {5E2E4AA7-C220-4C4F-B8C9-8804C3EAB15A}
		{3B5060FF-60EB-45BC-923D-9B311C8AA0EB} = {5E2E4AA7-C220-4C4F-B8C9-8804C3EAB15A}
		{108B0394-1D9A-483D-9E13-F403CFFF1BF3} = {5E2E4AA7-C220-4C4F-B8C9-8804C3EAB15A}
		{430242D4-D455-4681-96EC-5705D6244ADE} = {5E2E4AA7-C220-4C4F-B8C9-8804C3EAB15A}
		{3562B353-E69F-4312-B1D6-124A0F10BF58} = {5E2E4AA7-C220-4C4F-B8C9-8804C3EAB15A}
		{48513C31-368D-4C98-BE8F-EEF0D6168C0C} = {5E2E4AA7-C220-4C4F-B8C9-8804C3EAB15A}
		{490BFC99-9EC0-46A9-8BFF-49DF25F664D4} = {0AB3BF05-4346-4AA6-1389-037BE0695223}
		{A4449EDE-DE41-4C6D-86E6-1D0CC6C4E729} = {0AB3BF05-4346-4AA6-1389-037BE0695223}
		{79E3E5A1-FC41-497A-B24C-9178DB539500} = {0AB3BF05-4346-4AA6-1389-037BE0695223}
		{13C2C93F-FD22-451E-9526-6E5262246AF8} = {5E2E4AA7-C220-4C4F-B8C9-8804C3EAB15A}
		{3B175407-96F3-4E8F-8173-2138190953DA} = {07C2787E-EAC7-C090-1BA3-A61EC2A24D84}
	EndGlobalSection
EndGlobal
